
Microsoft Visual Studio Solution File, Format Version 12.00
# Visual Studio Version 16
VisualStudioVersion = 16.0.29215.179
MinimumVisualStudioVersion = 10.0.40219.1
Project("{FAE04EC0-301F-11D3-BF4B-00C04F79EFBC}") = "WpfApp1", "WpfApp1\WpfApp1.csproj", "{67AF3374-E8D2-4FD7-B24F-6D791CCC060E}"
EndProject
Global
	GlobalSection(SolutionConfigurationPlatforms) = preSolution
		Debug|Any CPU = Debug|Any CPU
		Release|Any CPU = Release|Any CPU
	EndGlobalSection
	GlobalSection(ProjectConfigurationPlatforms) = postSolution
		{67AF3374-E8D2-4FD7-B24F-6D791CCC060E}.Debug|Any CPU.ActiveCfg = Debug|Any CPU
		{67AF3374-E8D2-4FD7-B24F-6D791CCC060E}.Debug|Any CPU.Build.0 = Debug|Any CPU
		{67AF3374-E8D2-4FD7-B24F-6D791CCC060E}.Release|Any CPU.ActiveCfg = Release|Any CPU
		{67AF3374-E8D2-4FD7-B24F-6D791CCC060E}.Release|Any CPU.Build.0 = Release|Any CPU
	EndGlobalSection
	GlobalSection(SolutionProperties) = preSolution
		HideSolutionNode = FALSE
	EndGlobalSection
	GlobalSection(ExtensibilityGlobals) = postSolution
		SolutionGuid = {D7C6C507-C127-4585-97D6-B04AF0B09710}
	EndGlobalSection
EndGlobal
